// !$*UTF8*$!
{
	archiveVersion = 1;
	classes = {
	};
	objectVersion = 46;
	objects = {

/* Begin PBXBuildFile section */
		B48805A5136EB042009AC4E3 /* UIKit.framework in Frameworks */ = {isa = PBXBuildFile; fileRef = B48805A4136EB042009AC4E3 /* UIKit.framework */; };
		B48805A7136EB042009AC4E3 /* Foundation.framework in Frameworks */ = {isa = PBXBuildFile; fileRef = B48805A6136EB042009AC4E3 /* Foundation.framework */; };
		B48805A9136EB042009AC4E3 /* CoreGraphics.framework in Frameworks */ = {isa = PBXBuildFile; fileRef = B48805A8136EB042009AC4E3 /* CoreGraphics.framework */; };
		B48805AF136EB042009AC4E3 /* InfoPlist.strings in Resources */ = {isa = PBXBuildFile; fileRef = B48805AD136EB042009AC4E3 /* InfoPlist.strings */; };
		B48805B2136EB042009AC4E3 /* main.m in Sources */ = {isa = PBXBuildFile; fileRef = B48805B1136EB042009AC4E3 /* main.m */; };
		B48805B5136EB042009AC4E3 /* SharedSampleAppDelegate.m in Sources */ = {isa = PBXBuildFile; fileRef = B48805B4136EB042009AC4E3 /* SharedSampleAppDelegate.m */; };
		B48805BB136EB042009AC4E3 /* SharedSampleViewController.m in Sources */ = {isa = PBXBuildFile; fileRef = B48805BA136EB042009AC4E3 /* SharedSampleViewController.m */; };
		B48805CC136EB2E4009AC4E3 /* MyClass.m in Sources */ = {isa = PBXBuildFile; fileRef = B48805CB136EB2E4009AC4E3 /* MyClass.m */; };
/* End PBXBuildFile section */

/* Begin PBXFileReference section */
		B48805A0136EB042009AC4E3 /* SharedSample.app */ = {isa = PBXFileReference; explicitFileType = wrapper.application; includeInIndex = 0; path = SharedSample.app; sourceTree = BUILT_PRODUCTS_DIR; };
		B48805A4136EB042009AC4E3 /* UIKit.framework */ = {isa = PBXFileReference; lastKnownFileType = wrapper.framework; name = UIKit.framework; path = System/Library/Frameworks/UIKit.framework; sourceTree = SDKROOT; };
		B48805A6136EB042009AC4E3 /* Foundation.framework */ = {isa = PBXFileReference; lastKnownFileType = wrapper.framework; name = Foundation.framework; path = System/Library/Frameworks/Foundation.framework; sourceTree = SDKROOT; };
		B48805A8136EB042009AC4E3 /* CoreGraphics.framework */ = {isa = PBXFileReference; lastKnownFileType = wrapper.framework; name = CoreGraphics.framework; path = System/Library/Frameworks/CoreGraphics.framework; sourceTree = SDKROOT; };
		B48805AC136EB042009AC4E3 /* SharedSample-Info.plist */ = {isa = PBXFileReference; lastKnownFileType = text.plist.xml; path = "SharedSample-Info.plist"; sourceTree = "<group>"; };
		B48805AE136EB042009AC4E3 /* en */ = {isa = PBXFileReference; lastKnownFileType = text.plist.strings; name = en; path = en.lproj/InfoPlist.strings; sourceTree = "<group>"; };
		B48805B0136EB042009AC4E3 /* SharedSample-Prefix.pch */ = {isa = PBXFileReference; lastKnownFileType = sourcecode.c.h; path = "SharedSample-Prefix.pch"; sourceTree = "<group>"; };
		B48805B1136EB042009AC4E3 /* main.m */ = {isa = PBXFileReference; lastKnownFileType = sourcecode.c.objc; path = main.m; sourceTree = "<group>"; };
		B48805B3136EB042009AC4E3 /* SharedSampleAppDelegate.h */ = {isa = PBXFileReference; lastKnownFileType = sourcecode.c.h; path = SharedSampleAppDelegate.h; sourceTree = "<group>"; };
		B48805B4136EB042009AC4E3 /* SharedSampleAppDelegate.m */ = {isa = PBXFileReference; lastKnownFileType = sourcecode.c.objc; path = SharedSampleAppDelegate.m; sourceTree = "<group>"; };
		B48805B9136EB042009AC4E3 /* SharedSampleViewController.h */ = {isa = PBXFileReference; lastKnownFileType = sourcecode.c.h; path = SharedSampleViewController.h; sourceTree = "<group>"; };
		B48805BA136EB042009AC4E3 /* SharedSampleViewController.m */ = {isa = PBXFileReference; lastKnownFileType = sourcecode.c.objc; path = SharedSampleViewController.m; sourceTree = "<group>"; };
		B48805CA136EB2E4009AC4E3 /* MyClass.h */ = {isa = PBXFileReference; fileEncoding = 4; lastKnownFileType = sourcecode.c.h; path = MyClass.h; sourceTree = "<group>"; };
		B48805CB136EB2E4009AC4E3 /* MyClass.m */ = {isa = PBXFileReference; fileEncoding = 4; lastKnownFileType = sourcecode.c.objc; path = MyClass.m; sourceTree = "<group>"; };
/* End PBXFileReference section */

/* Begin PBXFrameworksBuildPhase section */
		B488059D136EB042009AC4E3 /* Frameworks */ = {
			isa = PBXFrameworksBuildPhase;
			buildActionMask = 2147483647;
			files = (
				B48805A5136EB042009AC4E3 /* UIKit.framework in Frameworks */,
				B48805A7136EB042009AC4E3 /* Foundation.framework in Frameworks */,
				B48805A9136EB042009AC4E3 /* CoreGraphics.framework in Frameworks */,
			);
			runOnlyForDeploymentPostprocessing = 0;
		};
/* End PBXFrameworksBuildPhase section */

/* Begin PBXGroup section */
		B4880595136EB042009AC4E3 = {
			isa = PBXGroup;
			children = (
				B48805AA136EB042009AC4E3 /* SharedSample */,
				B48805A3136EB042009AC4E3 /* Frameworks */,
				B48805A1136EB042009AC4E3 /* Products */,
			);
			sourceTree = "<group>";
		};
		B48805A1136EB042009AC4E3 /* Products */ = {
			isa = PBXGroup;
			children = (
				B48805A0136EB042009AC4E3 /* SharedSample.app */,
			);
			name = Products;
			sourceTree = "<group>";
		};
		B48805A3136EB042009AC4E3 /* Frameworks */ = {
			isa = PBXGroup;
			children = (
				B48805A4136EB042009AC4E3 /* UIKit.framework */,
				B48805A6136EB042009AC4E3 /* Foundation.framework */,
				B48805A8136EB042009AC4E3 /* CoreGraphics.framework */,
			);
			name = Frameworks;
			sourceTree = "<group>";
		};
		B48805AA136EB042009AC4E3 /* SharedSample */ = {
			isa = PBXGroup;
			children = (
				B48805B3136EB042009AC4E3 /* SharedSampleAppDelegate.h */,
				B48805B4136EB042009AC4E3 /* SharedSampleAppDelegate.m */,
				B48805B9136EB042009AC4E3 /* SharedSampleViewController.h */,
				B48805BA136EB042009AC4E3 /* SharedSampleViewController.m */,
				B48805AB136EB042009AC4E3 /* Supporting Files */,
				B48805CA136EB2E4009AC4E3 /* MyClass.h */,
				B48805CB136EB2E4009AC4E3 /* MyClass.m */,
			);
			path = SharedSample;
			sourceTree = "<group>";
		};
		B48805AB136EB042009AC4E3 /* Supporting Files */ = {
			isa = PBXGroup;
			children = (
				B48805AC136EB042009AC4E3 /* SharedSample-Info.plist */,
				B48805AD136EB042009AC4E3 /* InfoPlist.strings */,
				B48805B0136EB042009AC4E3 /* SharedSample-Prefix.pch */,
				B48805B1136EB042009AC4E3 /* main.m */,
			);
			name = "Supporting Files";
			sourceTree = "<group>";
		};
/* End PBXGroup section */

/* Begin PBXNativeTarget section */
		B488059F136EB042009AC4E3 /* SharedSample */ = {
			isa = PBXNativeTarget;
			buildConfigurationList = B48805C1136EB042009AC4E3 /* Build configuration list for PBXNativeTarget "SharedSample" */;
			buildPhases = (
				B488059C136EB042009AC4E3 /* Sources */,
				B488059D136EB042009AC4E3 /* Frameworks */,
				B488059E136EB042009AC4E3 /* Resources */,
			);
			buildRules = (
			);
			dependencies = (
			);
			name = SharedSample;
			productName = SharedSample;
			productReference = B48805A0136EB042009AC4E3 /* SharedSample.app */;
			productType = "com.apple.product-type.application";
		};
/* End PBXNativeTarget section */

/* Begin PBXProject section */
		B4880597136EB042009AC4E3 /* Project object */ = {
			isa = PBXProject;
			buildConfigurationList = B488059A136EB042009AC4E3 /* Build configuration list for PBXProject "SharedSample" */;
			compatibilityVersion = "Xcode 3.2";
			developmentRegion = English;
			hasScannedForEncodings = 0;
			knownRegions = (
				en,
			);
			mainGroup = B4880595136EB042009AC4E3;
			productRefGroup = B48805A1136EB042009AC4E3 /* Products */;
			projectDirPath = "";
			projectRoot = "";
			targets = (
				B488059F136EB042009AC4E3 /* SharedSample */,
			);
		};
/* End PBXProject section */

/* Begin PBXResourcesBuildPhase section */
		B488059E136EB042009AC4E3 /* Resources */ = {
			isa = PBXResourcesBuildPhase;
			buildActionMask = 2147483647;
			files = (
				B48805AF136EB042009AC4E3 /* InfoPlist.strings in Resources */,
			);
			runOnlyForDeploymentPostprocessing = 0;
		};
/* End PBXResourcesBuildPhase section */

/* Begin PBXSourcesBuildPhase section */
		B488059C136EB042009AC4E3 /* Sources */ = {
			isa = PBXSourcesBuildPhase;
			buildActionMask = 2147483647;
			files = (
				B48805B2136EB042009AC4E3 /* main.m in Sources */,
				B48805B5136EB042009AC4E3 /* SharedSampleAppDelegate.m in Sources */,
				B48805BB136EB042009AC4E3 /* SharedSampleViewController.m in Sources */,
				B48805CC136EB2E4009AC4E3 /* MyClass.m in Sources */,
			);
			runOnlyForDeploymentPostprocessing = 0;
		};
/* End PBXSourcesBuildPhase section */

/* Begin PBXVariantGroup section */
		B48805AD136EB042009AC4E3 /* InfoPlist.strings */ = {
			isa = PBXVariantGroup;
			children = (
				B48805AE136EB042009AC4E3 /* en */,
			);
			name = InfoPlist.strings;
			sourceTree = "<group>";
		};
/* End PBXVariantGroup section */

/* Begin XCBuildConfiguration section */
		B48805BF136EB042009AC4E3 /* Debug */ = {
			isa = XCBuildConfiguration;
			buildSettings = {
				ARCHS = "$(ARCHS_STANDARD_32_BIT)";
				"CODE_SIGN_IDENTITY[sdk=iphoneos*]" = "iPhone Developer";
				GCC_C_LANGUAGE_STANDARD = gnu99;
				GCC_OPTIMIZATION_LEVEL = 0;
				GCC_PREPROCESSOR_DEFINITIONS = DEBUG;
				GCC_SYMBOLS_PRIVATE_EXTERN = NO;
				GCC_VERSION = com.apple.compilers.llvmgcc42;
				GCC_WARN_ABOUT_RETURN_TYPE = YES;
				GCC_WARN_UNUSED_VARIABLE = YES;
				IPHONEOS_DEPLOYMENT_TARGET = 4.3;
				SDKROOT = iphoneos;
			};
			name = Debug;
		};
		B48805C0136EB042009AC4E3 /* Release */ = {
			isa = XCBuildConfiguration;
			buildSettings = {
				ARCHS = "$(ARCHS_STANDARD_32_BIT)";
				"CODE_SIGN_IDENTITY[sdk=iphoneos*]" = "iPhone Developer";
				GCC_C_LANGUAGE_STANDARD = gnu99;
				GCC_VERSION = com.apple.compilers.llvmgcc42;
				GCC_WARN_ABOUT_RETURN_TYPE = YES;
				GCC_WARN_UNUSED_VARIABLE = YES;
				IPHONEOS_DEPLOYMENT_TARGET = 4.3;
				OTHER_CFLAGS = "-DNS_BLOCK_ASSERTIONS=1";
				SDKROOT = iphoneos;
			};
			name = Release;
		};
		B48805C2136EB042009AC4E3 /* Debug */ = {
			isa = XCBuildConfiguration;
			buildSettings = {
				ALWAYS_SEARCH_USER_PATHS = NO;
				COPY_PHASE_STRIP = NO;
				GCC_DYNAMIC_NO_PIC = NO;
				GCC_PRECOMPILE_PREFIX_HEADER = YES;
				GCC_PREFIX_HEADER = "SharedSample/SharedSample-Prefix.pch";
				INFOPLIST_FILE = "SharedSample/SharedSample-Info.plist";
				PRODUCT_NAME = "$(TARGET_NAME)";
				WRAPPER_EXTENSION = app;
			};
			name = Debug;
		};
		B48805C3136EB042009AC4E3 /* Release */ = {
			isa = XCBuildConfiguration;
			buildSettings = {
				ALWAYS_SEARCH_USER_PATHS = NO;
				COPY_PHASE_STRIP = YES;
				GCC_PRECOMPILE_PREFIX_HEADER = YES;
				GCC_PREFIX_HEADER = "SharedSample/SharedSample-Prefix.pch";
				INFOPLIST_FILE = "SharedSample/SharedSample-Info.plist";
				PRODUCT_NAME = "$(TARGET_NAME)";
				VALIDATE_PRODUCT = YES;
				WRAPPER_EXTENSION = app;
			};
			name = Release;
		};
/* End XCBuildConfiguration section */

/* Begin XCConfigurationList section */
		B488059A136EB042009AC4E3 /* Build configuration list for PBXProject "SharedSample" */ = {
			isa = XCConfigurationList;
			buildConfigurations = (
				B48805BF136EB042009AC4E3 /* Debug */,
				B48805C0136EB042009AC4E3 /* Release */,
			);
			defaultConfigurationIsVisible = 0;
			defaultConfigurationName = Release;
		};
		B48805C1136EB042009AC4E3 /* Build configuration list for PBXNativeTarget "SharedSample" */ = {
			isa = XCConfigurationList;
			buildConfigurations = (
				B48805C2136EB042009AC4E3 /* Debug */,
				B48805C3136EB042009AC4E3 /* Release */,
			);
			defaultConfigurationIsVisible = 0;
		};
/* End XCConfigurationList section */
	};
	rootObject = B4880597136EB042009AC4E3 /* Project object */;
}
